// !$*UTF8*$!
{
	archiveVersion = 1;
	classes = {
	};
	objectVersion = 56;
	objects = {

/* Begin PBXBuildFile section */
		291134442ADE928C0063D392 /* ReadMe.md in Resources */ = {isa = PBXBuildFile; fileRef = 291134432ADE928C0063D392 /* ReadMe.md */; };
		291134462ADE94AF0063D392 /* URLSessionDelegate.swift in Sources */ = {isa = PBXBuildFile; fileRef = 291134452ADE94AF0063D392 /* URLSessionDelegate.swift */; };
		29F806832AD9FCD9006B45E0 /* iVerifyTakeHomeApp.swift in Sources */ = {isa = PBXBuildFile; fileRef = 29F806822AD9FCD9006B45E0 /* iVerifyTakeHomeApp.swift */; };
		29F806852AD9FCD9006B45E0 /* HomeView.swift in Sources */ = {isa = PBXBuildFile; fileRef = 29F806842AD9FCD9006B45E0 /* HomeView.swift */; };
		29F806872AD9FCDC006B45E0 /* Assets.xcassets in Resources */ = {isa = PBXBuildFile; fileRef = 29F806862AD9FCDC006B45E0 /* Assets.xcassets */; };
		29F8068A2AD9FCDC006B45E0 /* Preview Assets.xcassets in Resources */ = {isa = PBXBuildFile; fileRef = 29F806892AD9FCDC006B45E0 /* Preview Assets.xcassets */; };
		29F806952AD9FCDC006B45E0 /* iVerifyTakeHomeTests.swift in Sources */ = {isa = PBXBuildFile; fileRef = 29F806942AD9FCDC006B45E0 /* iVerifyTakeHomeTests.swift */; };
		29F8069F2AD9FCDC006B45E0 /* iVerifyTakeHomeUITests.swift in Sources */ = {isa = PBXBuildFile; fileRef = 29F8069E2AD9FCDC006B45E0 /* iVerifyTakeHomeUITests.swift */; };
		29F806A12AD9FCDC006B45E0 /* iVerifyTakeHomeUITestsLaunchTests.swift in Sources */ = {isa = PBXBuildFile; fileRef = 29F806A02AD9FCDC006B45E0 /* iVerifyTakeHomeUITestsLaunchTests.swift */; };
		29F806B52ADA08DC006B45E0 /* NetworkManager.swift in Sources */ = {isa = PBXBuildFile; fileRef = 29F806B42ADA08DC006B45E0 /* NetworkManager.swift */; };
		29F806B72ADA0CDD006B45E0 /* KeychainService.swift in Sources */ = {isa = PBXBuildFile; fileRef = 29F806B62ADA0CDD006B45E0 /* KeychainService.swift */; };
		29F806B92ADA0DF5006B45E0 /* AuthenticationService.swift in Sources */ = {isa = PBXBuildFile; fileRef = 29F806B82ADA0DF5006B45E0 /* AuthenticationService.swift */; };
		29F806BF2ADE327E006B45E0 /* DeviceModel.swift in Sources */ = {isa = PBXBuildFile; fileRef = 29F806BE2ADE327E006B45E0 /* DeviceModel.swift */; };
		29F806C12ADE3B0E006B45E0 /* HomeViewModel.swift in Sources */ = {isa = PBXBuildFile; fileRef = 29F806C02ADE3B0E006B45E0 /* HomeViewModel.swift */; };
		29F806C32ADE440B006B45E0 /* LoginView.swift in Sources */ = {isa = PBXBuildFile; fileRef = 29F806C22ADE440B006B45E0 /* LoginView.swift */; };
		29F806C72ADE4440006B45E0 /* LoginViewModel.swift in Sources */ = {isa = PBXBuildFile; fileRef = 29F806C62ADE4440006B45E0 /* LoginViewModel.swift */; };
		29F806CA2ADE4733006B45E0 /* DeviceCell.swift in Sources */ = {isa = PBXBuildFile; fileRef = 29F806C92ADE4733006B45E0 /* DeviceCell.swift */; };
		29F806CD2ADE5005006B45E0 /* Constants.swift in Sources */ = {isa = PBXBuildFile; fileRef = 29F806CC2ADE5005006B45E0 /* Constants.swift */; };
		29F806CF2ADE52AD006B45E0 /* SearchBar.swift in Sources */ = {isa = PBXBuildFile; fileRef = 29F806CE2ADE52AD006B45E0 /* SearchBar.swift */; };
		29F806D22ADE7A65006B45E0 /* name_generator.c in Sources */ = {isa = PBXBuildFile; fileRef = 29F806D12ADE7A65006B45E0 /* name_generator.c */; };
/* End PBXBuildFile section */

/* Begin PBXContainerItemProxy section */
		29F806912AD9FCDC006B45E0 /* PBXContainerItemProxy */ = {
			isa = PBXContainerItemProxy;
			containerPortal = 29F806772AD9FCD9006B45E0 /* Project object */;
			proxyType = 1;
			remoteGlobalIDString = 29F8067E2AD9FCD9006B45E0;
			remoteInfo = iVerifyTakeHome;
		};
		29F8069B2AD9FCDC006B45E0 /* PBXContainerItemProxy */ = {
			isa = PBXContainerItemProxy;
			containerPortal = 29F806772AD9FCD9006B45E0 /* Project object */;
			proxyType = 1;
			remoteGlobalIDString = 29F8067E2AD9FCD9006B45E0;
			remoteInfo = iVerifyTakeHome;
		};
/* End PBXContainerItemProxy section */

/* Begin PBXFileReference section */
		291134422ADE8BE20063D392 /* Info.plist */ = {isa = PBXFileReference; lastKnownFileType = text.plist; path = Info.plist; sourceTree = "<group>"; };
		291134432ADE928C0063D392 /* ReadMe.md */ = {isa = PBXFileReference; lastKnownFileType = net.daringfireball.markdown; path = ReadMe.md; sourceTree = "<group>"; };
		291134452ADE94AF0063D392 /* URLSessionDelegate.swift */ = {isa = PBXFileReference; lastKnownFileType = sourcecode.swift; path = URLSessionDelegate.swift; sourceTree = "<group>"; };
		29F8067F2AD9FCD9006B45E0 /* iVerifyTakeHome.app */ = {isa = PBXFileReference; explicitFileType = wrapper.application; includeInIndex = 0; path = iVerifyTakeHome.app; sourceTree = BUILT_PRODUCTS_DIR; };
		29F806822AD9FCD9006B45E0 /* iVerifyTakeHomeApp.swift */ = {isa = PBXFileReference; lastKnownFileType = sourcecode.swift; path = iVerifyTakeHomeApp.swift; sourceTree = "<group>"; };
		29F806842AD9FCD9006B45E0 /* HomeView.swift */ = {isa = PBXFileReference; lastKnownFileType = sourcecode.swift; path = HomeView.swift; sourceTree = "<group>"; };
		29F806862AD9FCDC006B45E0 /* Assets.xcassets */ = {isa = PBXFileReference; lastKnownFileType = folder.assetcatalog; path = Assets.xcassets; sourceTree = "<group>"; };
		29F806892AD9FCDC006B45E0 /* Preview Assets.xcassets */ = {isa = PBXFileReference; lastKnownFileType = folder.assetcatalog; path = "Preview Assets.xcassets"; sourceTree = "<group>"; };
		29F8068B2AD9FCDC006B45E0 /* iVerifyTakeHome.entitlements */ = {isa = PBXFileReference; lastKnownFileType = text.plist.entitlements; path = iVerifyTakeHome.entitlements; sourceTree = "<group>"; };
		29F806902AD9FCDC006B45E0 /* iVerifyTakeHomeTests.xctest */ = {isa = PBXFileReference; explicitFileType = wrapper.cfbundle; includeInIndex = 0; path = iVerifyTakeHomeTests.xctest; sourceTree = BUILT_PRODUCTS_DIR; };
		29F806942AD9FCDC006B45E0 /* iVerifyTakeHomeTests.swift */ = {isa = PBXFileReference; lastKnownFileType = sourcecode.swift; path = iVerifyTakeHomeTests.swift; sourceTree = "<group>"; };
		29F8069A2AD9FCDC006B45E0 /* iVerifyTakeHomeUITests.xctest */ = {isa = PBXFileReference; explicitFileType = wrapper.cfbundle; includeInIndex = 0; path = iVerifyTakeHomeUITests.xctest; sourceTree = BUILT_PRODUCTS_DIR; };
		29F8069E2AD9FCDC006B45E0 /* iVerifyTakeHomeUITests.swift */ = {isa = PBXFileReference; lastKnownFileType = sourcecode.swift; path = iVerifyTakeHomeUITests.swift; sourceTree = "<group>"; };
		29F806A02AD9FCDC006B45E0 /* iVerifyTakeHomeUITestsLaunchTests.swift */ = {isa = PBXFileReference; lastKnownFileType = sourcecode.swift; path = iVerifyTakeHomeUITestsLaunchTests.swift; sourceTree = "<group>"; };
		29F806B42ADA08DC006B45E0 /* NetworkManager.swift */ = {isa = PBXFileReference; lastKnownFileType = sourcecode.swift; path = NetworkManager.swift; sourceTree = "<group>"; };
		29F806B62ADA0CDD006B45E0 /* KeychainService.swift */ = {isa = PBXFileReference; lastKnownFileType = sourcecode.swift; path = KeychainService.swift; sourceTree = "<group>"; };
		29F806B82ADA0DF5006B45E0 /* AuthenticationService.swift */ = {isa = PBXFileReference; lastKnownFileType = sourcecode.swift; path = AuthenticationService.swift; sourceTree = "<group>"; };
		29F806BE2ADE327E006B45E0 /* DeviceModel.swift */ = {isa = PBXFileReference; lastKnownFileType = sourcecode.swift; path = DeviceModel.swift; sourceTree = "<group>"; };
		29F806C02ADE3B0E006B45E0 /* HomeViewModel.swift */ = {isa = PBXFileReference; lastKnownFileType = sourcecode.swift; path = HomeViewModel.swift; sourceTree = "<group>"; };
		29F806C22ADE440B006B45E0 /* LoginView.swift */ = {isa = PBXFileReference; lastKnownFileType = sourcecode.swift; path = LoginView.swift; sourceTree = "<group>"; };
		29F806C62ADE4440006B45E0 /* LoginViewModel.swift */ = {isa = PBXFileReference; lastKnownFileType = sourcecode.swift; path = LoginViewModel.swift; sourceTree = "<group>"; };
		29F806C92ADE4733006B45E0 /* DeviceCell.swift */ = {isa = PBXFileReference; lastKnownFileType = sourcecode.swift; path = DeviceCell.swift; sourceTree = "<group>"; };
		29F806CC2ADE5005006B45E0 /* Constants.swift */ = {isa = PBXFileReference; lastKnownFileType = sourcecode.swift; path = Constants.swift; sourceTree = "<group>"; };
		29F806CE2ADE52AD006B45E0 /* SearchBar.swift */ = {isa = PBXFileReference; lastKnownFileType = sourcecode.swift; path = SearchBar.swift; sourceTree = "<group>"; };
		29F806D02ADE7A65006B45E0 /* name_generator.h */ = {isa = PBXFileReference; lastKnownFileType = sourcecode.c.h; path = name_generator.h; sourceTree = "<group>"; };
		29F806D12ADE7A65006B45E0 /* name_generator.c */ = {isa = PBXFileReference; lastKnownFileType = sourcecode.c.c; path = name_generator.c; sourceTree = "<group>"; };
		29F806D32ADE7F83006B45E0 /* iVerifyTakeHome-Bridging-Header.h */ = {isa = PBXFileReference; lastKnownFileType = sourcecode.c.h; name = "iVerifyTakeHome-Bridging-Header.h"; path = "iVerifyTakeHome/App/iVerifyTakeHome-Bridging-Header.h"; sourceTree = SOURCE_ROOT; };
/* End PBXFileReference section */

/* Begin PBXFrameworksBuildPhase section */
		29F8067C2AD9FCD9006B45E0 /* Frameworks */ = {
			isa = PBXFrameworksBuildPhase;
			buildActionMask = 2147483647;
			files = (
			);
			runOnlyForDeploymentPostprocessing = 0;
		};
		29F8068D2AD9FCDC006B45E0 /* Frameworks */ = {
			isa = PBXFrameworksBuildPhase;
			buildActionMask = 2147483647;
			files = (
			);
			runOnlyForDeploymentPostprocessing = 0;
		};
		29F806972AD9FCDC006B45E0 /* Frameworks */ = {
			isa = PBXFrameworksBuildPhase;
			buildActionMask = 2147483647;
			files = (
			);
			runOnlyForDeploymentPostprocessing = 0;
		};
/* End PBXFrameworksBuildPhase section */

/* Begin PBXGroup section */
		29F806762AD9FCD9006B45E0 = {
			isa = PBXGroup;
			children = (
				29F806812AD9FCD9006B45E0 /* iVerifyTakeHome */,
				29F806932AD9FCDC006B45E0 /* iVerifyTakeHomeTests */,
				29F8069D2AD9FCDC006B45E0 /* iVerifyTakeHomeUITests */,
				29F806802AD9FCD9006B45E0 /* Products */,
			);
			sourceTree = "<group>";
		};
		29F806802AD9FCD9006B45E0 /* Products */ = {
			isa = PBXGroup;
			children = (
				29F8067F2AD9FCD9006B45E0 /* iVerifyTakeHome.app */,
				29F806902AD9FCDC006B45E0 /* iVerifyTakeHomeTests.xctest */,
				29F8069A2AD9FCDC006B45E0 /* iVerifyTakeHomeUITests.xctest */,
			);
			name = Products;
			sourceTree = "<group>";
		};
		29F806812AD9FCD9006B45E0 /* iVerifyTakeHome */ = {
			isa = PBXGroup;
			children = (
				291134422ADE8BE20063D392 /* Info.plist */,
				29F806CB2ADE4FF4006B45E0 /* Constants */,
				29F806B02ADA0867006B45E0 /* App */,
				29F806B12ADA08B7006B45E0 /* Services */,
				29F806AD2ADA0838006B45E0 /* Models */,
				29F806AE2ADA0843006B45E0 /* Views */,
				29F806AF2ADA0857006B45E0 /* ViewModels */,
				29F806862AD9FCDC006B45E0 /* Assets.xcassets */,
				29F8068B2AD9FCDC006B45E0 /* iVerifyTakeHome.entitlements */,
				291134432ADE928C0063D392 /* ReadMe.md */,
				29F806882AD9FCDC006B45E0 /* Preview Content */,
			);
			path = iVerifyTakeHome;
			sourceTree = "<group>";
		};
		29F806882AD9FCDC006B45E0 /* Preview Content */ = {
			isa = PBXGroup;
			children = (
				29F806892AD9FCDC006B45E0 /* Preview Assets.xcassets */,
			);
			path = "Preview Content";
			sourceTree = "<group>";
		};
		29F806932AD9FCDC006B45E0 /* iVerifyTakeHomeTests */ = {
			isa = PBXGroup;
			children = (
				29F806942AD9FCDC006B45E0 /* iVerifyTakeHomeTests.swift */,
			);
			path = iVerifyTakeHomeTests;
			sourceTree = "<group>";
		};
		29F8069D2AD9FCDC006B45E0 /* iVerifyTakeHomeUITests */ = {
			isa = PBXGroup;
			children = (
				29F8069E2AD9FCDC006B45E0 /* iVerifyTakeHomeUITests.swift */,
				29F806A02AD9FCDC006B45E0 /* iVerifyTakeHomeUITestsLaunchTests.swift */,
			);
			path = iVerifyTakeHomeUITests;
			sourceTree = "<group>";
		};
		29F806AD2ADA0838006B45E0 /* Models */ = {
			isa = PBXGroup;
			children = (
				29F806BE2ADE327E006B45E0 /* DeviceModel.swift */,
			);
			path = Models;
			sourceTree = "<group>";
		};
		29F806AE2ADA0843006B45E0 /* Views */ = {
			isa = PBXGroup;
			children = (
				29F806842AD9FCD9006B45E0 /* HomeView.swift */,
				29F806C22ADE440B006B45E0 /* LoginView.swift */,
				29F806C82ADE4721006B45E0 /* Components */,
			);
			path = Views;
			sourceTree = "<group>";
		};
		29F806AF2ADA0857006B45E0 /* ViewModels */ = {
			isa = PBXGroup;
			children = (
				29F806C02ADE3B0E006B45E0 /* HomeViewModel.swift */,
				29F806C62ADE4440006B45E0 /* LoginViewModel.swift */,
			);
			path = ViewModels;
			sourceTree = "<group>";
		};
		29F806B02ADA0867006B45E0 /* App */ = {
			isa = PBXGroup;
			children = (
				29F806D32ADE7F83006B45E0 /* iVerifyTakeHome-Bridging-Header.h */,
				29F806D02ADE7A65006B45E0 /* name_generator.h */,
				29F806D12ADE7A65006B45E0 /* name_generator.c */,
				29F806822AD9FCD9006B45E0 /* iVerifyTakeHomeApp.swift */,
			);
			path = App;
			sourceTree = "<group>";
		};
		29F806B12ADA08B7006B45E0 /* Services */ = {
			isa = PBXGroup;
			children = (
				29F806B42ADA08DC006B45E0 /* NetworkManager.swift */,
				291134452ADE94AF0063D392 /* URLSessionDelegate.swift */,
				29F806B62ADA0CDD006B45E0 /* KeychainService.swift */,
				29F806B82ADA0DF5006B45E0 /* AuthenticationService.swift */,
			);
			path = Services;
			sourceTree = "<group>";
		};
		29F806C82ADE4721006B45E0 /* Components */ = {
			isa = PBXGroup;
			children = (
				29F806C92ADE4733006B45E0 /* DeviceCell.swift */,
				29F806CE2ADE52AD006B45E0 /* SearchBar.swift */,
			);
			path = Components;
			sourceTree = "<group>";
		};
		29F806CB2ADE4FF4006B45E0 /* Constants */ = {
			isa = PBXGroup;
			children = (
				29F806CC2ADE5005006B45E0 /* Constants.swift */,
			);
			path = Constants;
			sourceTree = "<group>";
		};
/* End PBXGroup section */

/* Begin PBXNativeTarget section */
		29F8067E2AD9FCD9006B45E0 /* iVerifyTakeHome */ = {
			isa = PBXNativeTarget;
			buildConfigurationList = 29F806A42AD9FCDC006B45E0 /* Build configuration list for PBXNativeTarget "iVerifyTakeHome" */;
			buildPhases = (
				29F8067B2AD9FCD9006B45E0 /* Sources */,
				29F8067C2AD9FCD9006B45E0 /* Frameworks */,
				29F8067D2AD9FCD9006B45E0 /* Resources */,
			);
			buildRules = (
			);
			dependencies = (
			);
			name = iVerifyTakeHome;
			productName = iVerifyTakeHome;
			productReference = 29F8067F2AD9FCD9006B45E0 /* iVerifyTakeHome.app */;
			productType = "com.apple.product-type.application";
		};
		29F8068F2AD9FCDC006B45E0 /* iVerifyTakeHomeTests */ = {
			isa = PBXNativeTarget;
			buildConfigurationList = 29F806A72AD9FCDC006B45E0 /* Build configuration list for PBXNativeTarget "iVerifyTakeHomeTests" */;
			buildPhases = (
				29F8068C2AD9FCDC006B45E0 /* Sources */,
				29F8068D2AD9FCDC006B45E0 /* Frameworks */,
				29F8068E2AD9FCDC006B45E0 /* Resources */,
			);
			buildRules = (
			);
			dependencies = (
				29F806922AD9FCDC006B45E0 /* PBXTargetDependency */,
			);
			name = iVerifyTakeHomeTests;
			productName = iVerifyTakeHomeTests;
			productReference = 29F806902AD9FCDC006B45E0 /* iVerifyTakeHomeTests.xctest */;
			productType = "com.apple.product-type.bundle.unit-test";
		};
		29F806992AD9FCDC006B45E0 /* iVerifyTakeHomeUITests */ = {
			isa = PBXNativeTarget;
			buildConfigurationList = 29F806AA2AD9FCDC006B45E0 /* Build configuration list for PBXNativeTarget "iVerifyTakeHomeUITests" */;
			buildPhases = (
				29F806962AD9FCDC006B45E0 /* Sources */,
				29F806972AD9FCDC006B45E0 /* Frameworks */,
				29F806982AD9FCDC006B45E0 /* Resources */,
			);
			buildRules = (
			);
			dependencies = (
				29F8069C2AD9FCDC006B45E0 /* PBXTargetDependency */,
			);
			name = iVerifyTakeHomeUITests;
			productName = iVerifyTakeHomeUITests;
			productReference = 29F8069A2AD9FCDC006B45E0 /* iVerifyTakeHomeUITests.xctest */;
			productType = "com.apple.product-type.bundle.ui-testing";
		};
/* End PBXNativeTarget section */

/* Begin PBXProject section */
		29F806772AD9FCD9006B45E0 /* Project object */ = {
			isa = PBXProject;
			attributes = {
				BuildIndependentTargetsInParallel = 1;
				LastSwiftUpdateCheck = 1430;
				LastUpgradeCheck = 1430;
				TargetAttributes = {
					29F8067E2AD9FCD9006B45E0 = {
						CreatedOnToolsVersion = 14.3.1;
						LastSwiftMigration = 1430;
					};
					29F8068F2AD9FCDC006B45E0 = {
						CreatedOnToolsVersion = 14.3.1;
						TestTargetID = 29F8067E2AD9FCD9006B45E0;
					};
					29F806992AD9FCDC006B45E0 = {
						CreatedOnToolsVersion = 14.3.1;
						TestTargetID = 29F8067E2AD9FCD9006B45E0;
					};
				};
			};
			buildConfigurationList = 29F8067A2AD9FCD9006B45E0 /* Build configuration list for PBXProject "iVerifyTakeHome" */;
			compatibilityVersion = "Xcode 14.0";
			developmentRegion = en;
			hasScannedForEncodings = 0;
			knownRegions = (
				en,
				Base,
			);
			mainGroup = 29F806762AD9FCD9006B45E0;
			productRefGroup = 29F806802AD9FCD9006B45E0 /* Products */;
			projectDirPath = "";
			projectRoot = "";
			targets = (
				29F8067E2AD9FCD9006B45E0 /* iVerifyTakeHome */,
				29F8068F2AD9FCDC006B45E0 /* iVerifyTakeHomeTests */,
				29F806992AD9FCDC006B45E0 /* iVerifyTakeHomeUITests */,
			);
		};
/* End PBXProject section */

/* Begin PBXResourcesBuildPhase section */
		29F8067D2AD9FCD9006B45E0 /* Resources */ = {
			isa = PBXResourcesBuildPhase;
			buildActionMask = 2147483647;
			files = (
				29F8068A2AD9FCDC006B45E0 /* Preview Assets.xcassets in Resources */,
				29F806872AD9FCDC006B45E0 /* Assets.xcassets in Resources */,
				291134442ADE928C0063D392 /* ReadMe.md in Resources */,
			);
			runOnlyForDeploymentPostprocessing = 0;
		};
		29F8068E2AD9FCDC006B45E0 /* Resources */ = {
			isa = PBXResourcesBuildPhase;
			buildActionMask = 2147483647;
			files = (
			);
			runOnlyForDeploymentPostprocessing = 0;
		};
		29F806982AD9FCDC006B45E0 /* Resources */ = {
			isa = PBXResourcesBuildPhase;
			buildActionMask = 2147483647;
			files = (
			);
			runOnlyForDeploymentPostprocessing = 0;
		};
/* End PBXResourcesBuildPhase section */

/* Begin PBXSourcesBuildPhase section */
		29F8067B2AD9FCD9006B45E0 /* Sources */ = {
			isa = PBXSourcesBuildPhase;
			buildActionMask = 2147483647;
			files = (
				29F806CF2ADE52AD006B45E0 /* SearchBar.swift in Sources */,
				291134462ADE94AF0063D392 /* URLSessionDelegate.swift in Sources */,
				29F806852AD9FCD9006B45E0 /* HomeView.swift in Sources */,
				29F806B92ADA0DF5006B45E0 /* AuthenticationService.swift in Sources */,
				29F806BF2ADE327E006B45E0 /* DeviceModel.swift in Sources */,
				29F806C32ADE440B006B45E0 /* LoginView.swift in Sources */,
				29F806D22ADE7A65006B45E0 /* name_generator.c in Sources */,
				29F806C12ADE3B0E006B45E0 /* HomeViewModel.swift in Sources */,
				29F806B52ADA08DC006B45E0 /* NetworkManager.swift in Sources */,
				29F806832AD9FCD9006B45E0 /* iVerifyTakeHomeApp.swift in Sources */,
				29F806CA2ADE4733006B45E0 /* DeviceCell.swift in Sources */,
				29F806C72ADE4440006B45E0 /* LoginViewModel.swift in Sources */,
				29F806B72ADA0CDD006B45E0 /* KeychainService.swift in Sources */,
				29F806CD2ADE5005006B45E0 /* Constants.swift in Sources */,
			);
			runOnlyForDeploymentPostprocessing = 0;
		};
		29F8068C2AD9FCDC006B45E0 /* Sources */ = {
			isa = PBXSourcesBuildPhase;
			buildActionMask = 2147483647;
			files = (
				29F806952AD9FCDC006B45E0 /* iVerifyTakeHomeTests.swift in Sources */,
			);
			runOnlyForDeploymentPostprocessing = 0;
		};
		29F806962AD9FCDC006B45E0 /* Sources */ = {
			isa = PBXSourcesBuildPhase;
			buildActionMask = 2147483647;
			files = (
				29F8069F2AD9FCDC006B45E0 /* iVerifyTakeHomeUITests.swift in Sources */,
				29F806A12AD9FCDC006B45E0 /* iVerifyTakeHomeUITestsLaunchTests.swift in Sources */,
			);
			runOnlyForDeploymentPostprocessing = 0;
		};
/* End PBXSourcesBuildPhase section */

/* Begin PBXTargetDependency section */
		29F806922AD9FCDC006B45E0 /* PBXTargetDependency */ = {
			isa = PBXTargetDependency;
			target = 29F8067E2AD9FCD9006B45E0 /* iVerifyTakeHome */;
			targetProxy = 29F806912AD9FCDC006B45E0 /* PBXContainerItemProxy */;
		};
		29F8069C2AD9FCDC006B45E0 /* PBXTargetDependency */ = {
			isa = PBXTargetDependency;
			target = 29F8067E2AD9FCD9006B45E0 /* iVerifyTakeHome */;
			targetProxy = 29F8069B2AD9FCDC006B45E0 /* PBXContainerItemProxy */;
		};
/* End PBXTargetDependency section */

/* Begin XCBuildConfiguration section */
		29F806A22AD9FCDC006B45E0 /* Debug */ = {
			isa = XCBuildConfiguration;
			buildSettings = {
				ALWAYS_SEARCH_USER_PATHS = NO;
				CLANG_ANALYZER_NONNULL = YES;
				CLANG_ANALYZER_NUMBER_OBJECT_CONVERSION = YES_AGGRESSIVE;
				CLANG_CXX_LANGUAGE_STANDARD = "gnu++20";
				CLANG_ENABLE_MODULES = YES;
				CLANG_ENABLE_OBJC_ARC = YES;
				CLANG_ENABLE_OBJC_WEAK = YES;
				CLANG_WARN_BLOCK_CAPTURE_AUTORELEASING = YES;
				CLANG_WARN_BOOL_CONVERSION = YES;
				CLANG_WARN_COMMA = YES;
				CLANG_WARN_CONSTANT_CONVERSION = YES;
				CLANG_WARN_DEPRECATED_OBJC_IMPLEMENTATIONS = YES;
				CLANG_WARN_DIRECT_OBJC_ISA_USAGE = YES_ERROR;
				CLANG_WARN_DOCUMENTATION_COMMENTS = YES;
				CLANG_WARN_EMPTY_BODY = YES;
				CLANG_WARN_ENUM_CONVERSION = YES;
				CLANG_WARN_INFINITE_RECURSION = YES;
				CLANG_WARN_INT_CONVERSION = YES;
				CLANG_WARN_NON_LITERAL_NULL_CONVERSION = YES;
				CLANG_WARN_OBJC_IMPLICIT_RETAIN_SELF = YES;
				CLANG_WARN_OBJC_LITERAL_CONVERSION = YES;
				CLANG_WARN_OBJC_ROOT_CLASS = YES_ERROR;
				CLANG_WARN_QUOTED_INCLUDE_IN_FRAMEWORK_HEADER = YES;
				CLANG_WARN_RANGE_LOOP_ANALYSIS = YES;
				CLANG_WARN_STRICT_PROTOTYPES = YES;
				CLANG_WARN_SUSPICIOUS_MOVE = YES;
				CLANG_WARN_UNGUARDED_AVAILABILITY = YES_AGGRESSIVE;
				CLANG_WARN_UNREACHABLE_CODE = YES;
				CLANG_WARN__DUPLICATE_METHOD_MATCH = YES;
				COPY_PHASE_STRIP = NO;
				DEBUG_INFORMATION_FORMAT = dwarf;
				ENABLE_STRICT_OBJC_MSGSEND = YES;
				ENABLE_TESTABILITY = YES;
				GCC_C_LANGUAGE_STANDARD = gnu11;
				GCC_DYNAMIC_NO_PIC = NO;
				GCC_NO_COMMON_BLOCKS = YES;
				GCC_OPTIMIZATION_LEVEL = 0;
				GCC_PREPROCESSOR_DEFINITIONS = (
					"DEBUG=1",
					"$(inherited)",
				);
				GCC_WARN_64_TO_32_BIT_CONVERSION = YES;
				GCC_WARN_ABOUT_RETURN_TYPE = YES_ERROR;
				GCC_WARN_UNDECLARED_SELECTOR = YES;
				GCC_WARN_UNINITIALIZED_AUTOS = YES_AGGRESSIVE;
				GCC_WARN_UNUSED_FUNCTION = YES;
				GCC_WARN_UNUSED_VARIABLE = YES;
				MACOSX_DEPLOYMENT_TARGET = 13.2;
				MTL_ENABLE_DEBUG_INFO = INCLUDE_SOURCE;
				MTL_FAST_MATH = YES;
				ONLY_ACTIVE_ARCH = YES;
				SDKROOT = macosx;
				SWIFT_ACTIVE_COMPILATION_CONDITIONS = DEBUG;
				SWIFT_OBJC_BRIDGING_HEADER = "iVerifyTakeHome/App/iVerifyTakeHome-Bridging-Header.h";
				SWIFT_OPTIMIZATION_LEVEL = "-Onone";
			};
			name = Debug;
		};
		29F806A32AD9FCDC006B45E0 /* Release */ = {
			isa = XCBuildConfiguration;
			buildSettings = {
				ALWAYS_SEARCH_USER_PATHS = NO;
				CLANG_ANALYZER_NONNULL = YES;
				CLANG_ANALYZER_NUMBER_OBJECT_CONVERSION = YES_AGGRESSIVE;
				CLANG_CXX_LANGUAGE_STANDARD = "gnu++20";
				CLANG_ENABLE_MODULES = YES;
				CLANG_ENABLE_OBJC_ARC = YES;
				CLANG_ENABLE_OBJC_WEAK = YES;
				CLANG_WARN_BLOCK_CAPTURE_AUTORELEASING = YES;
				CLANG_WARN_BOOL_CONVERSION = YES;
				CLANG_WARN_COMMA = YES;
				CLANG_WARN_CONSTANT_CONVERSION = YES;
				CLANG_WARN_DEPRECATED_OBJC_IMPLEMENTATIONS = YES;
				CLANG_WARN_DIRECT_OBJC_ISA_USAGE = YES_ERROR;
				CLANG_WARN_DOCUMENTATION_COMMENTS = YES;
				CLANG_WARN_EMPTY_BODY = YES;
				CLANG_WARN_ENUM_CONVERSION = YES;
				CLANG_WARN_INFINITE_RECURSION = YES;
				CLANG_WARN_INT_CONVERSION = YES;
				CLANG_WARN_NON_LITERAL_NULL_CONVERSION = YES;
				CLANG_WARN_OBJC_IMPLICIT_RETAIN_SELF = YES;
				CLANG_WARN_OBJC_LITERAL_CONVERSION = YES;
				CLANG_WARN_OBJC_ROOT_CLASS = YES_ERROR;
				CLANG_WARN_QUOTED_INCLUDE_IN_FRAMEWORK_HEADER = YES;
				CLANG_WARN_RANGE_LOOP_ANALYSIS = YES;
				CLANG_WARN_STRICT_PROTOTYPES = YES;
				CLANG_WARN_SUSPICIOUS_MOVE = YES;
				CLANG_WARN_UNGUARDED_AVAILABILITY = YES_AGGRESSIVE;
				CLANG_WARN_UNREACHABLE_CODE = YES;
				CLANG_WARN__DUPLICATE_METHOD_MATCH = YES;
				COPY_PHASE_STRIP = NO;
				DEBUG_INFORMATION_FORMAT = "dwarf-with-dsym";
				ENABLE_NS_ASSERTIONS = NO;
				ENABLE_STRICT_OBJC_MSGSEND = YES;
				GCC_C_LANGUAGE_STANDARD = gnu11;
				GCC_NO_COMMON_BLOCKS = YES;
				GCC_WARN_64_TO_32_BIT_CONVERSION = YES;
				GCC_WARN_ABOUT_RETURN_TYPE = YES_ERROR;
				GCC_WARN_UNDECLARED_SELECTOR = YES;
				GCC_WARN_UNINITIALIZED_AUTOS = YES_AGGRESSIVE;
				GCC_WARN_UNUSED_FUNCTION = YES;
				GCC_WARN_UNUSED_VARIABLE = YES;
				MACOSX_DEPLOYMENT_TARGET = 13.2;
				MTL_ENABLE_DEBUG_INFO = NO;
				MTL_FAST_MATH = YES;
				SDKROOT = macosx;
				SWIFT_COMPILATION_MODE = wholemodule;
				SWIFT_OBJC_BRIDGING_HEADER = "iVerifyTakeHome/App/iVerifyTakeHome-Bridging-Header.h";
				SWIFT_OPTIMIZATION_LEVEL = "-O";
			};
			name = Release;
		};
		29F806A52AD9FCDC006B45E0 /* Debug */ = {
			isa = XCBuildConfiguration;
			buildSettings = {
				ASSETCATALOG_COMPILER_APPICON_NAME = AppIcon;
				ASSETCATALOG_COMPILER_GLOBAL_ACCENT_COLOR_NAME = AccentColor;
				CLANG_ENABLE_MODULES = YES;
				CODE_SIGN_ENTITLEMENTS = iVerifyTakeHome/iVerifyTakeHome.entitlements;
				CODE_SIGN_STYLE = Automatic;
				COMBINE_HIDPI_IMAGES = YES;
				CURRENT_PROJECT_VERSION = 1;
				DEVELOPMENT_ASSET_PATHS = "\"iVerifyTakeHome/Preview Content\"";
				DEVELOPMENT_TEAM = QTC9TXRFDC;
				ENABLE_HARDENED_RUNTIME = YES;
				ENABLE_PREVIEWS = YES;
				GENERATE_INFOPLIST_FILE = YES;
				INFOPLIST_FILE = iVerifyTakeHome/Info.plist;
				INFOPLIST_KEY_NSHumanReadableCopyright = "";
				LD_RUNPATH_SEARCH_PATHS = (
					"$(inherited)",
					"@executable_path/../Frameworks",
				);
				MACOSX_DEPLOYMENT_TARGET = 11.0;
				MARKETING_VERSION = 1.0;
				PRODUCT_BUNDLE_IDENTIFIER = co.llamastudios.iVerifyTakeHome;
				PRODUCT_NAME = "$(TARGET_NAME)";
				SWIFT_EMIT_LOC_STRINGS = YES;
				SWIFT_OBJC_BRIDGING_HEADER = "iVerifyTakeHome/App/iVerifyTakeHome-Bridging-Header.h";
				SWIFT_OPTIMIZATION_LEVEL = "-Onone";
				SWIFT_VERSION = 5.0;
			};
			name = Debug;
		};
		29F806A62AD9FCDC006B45E0 /* Release */ = {
			isa = XCBuildConfiguration;
			buildSettings = {
				ASSETCATALOG_COMPILER_APPICON_NAME = AppIcon;
				ASSETCATALOG_COMPILER_GLOBAL_ACCENT_COLOR_NAME = AccentColor;
				CLANG_ENABLE_MODULES = YES;
				CODE_SIGN_ENTITLEMENTS = iVerifyTakeHome/iVerifyTakeHome.entitlements;
				CODE_SIGN_STYLE = Automatic;
				COMBINE_HIDPI_IMAGES = YES;
				CURRENT_PROJECT_VERSION = 1;
				DEVELOPMENT_ASSET_PATHS = "\"iVerifyTakeHome/Preview Content\"";
				DEVELOPMENT_TEAM = QTC9TXRFDC;
				ENABLE_HARDENED_RUNTIME = YES;
				ENABLE_PREVIEWS = YES;
				GENERATE_INFOPLIST_FILE = YES;
				INFOPLIST_FILE = iVerifyTakeHome/Info.plist;
				INFOPLIST_KEY_NSHumanReadableCopyright = "";
				LD_RUNPATH_SEARCH_PATHS = (
					"$(inherited)",
					"@executable_path/../Frameworks",
				);
				MACOSX_DEPLOYMENT_TARGET = 11.0;
				MARKETING_VERSION = 1.0;
				PRODUCT_BUNDLE_IDENTIFIER = co.llamastudios.iVerifyTakeHome;
				PRODUCT_NAME = "$(TARGET_NAME)";
				SWIFT_EMIT_LOC_STRINGS = YES;
				SWIFT_OBJC_BRIDGING_HEADER = "iVerifyTakeHome/App/iVerifyTakeHome-Bridging-Header.h";
				SWIFT_VERSION = 5.0;
			};
			name = Release;
		};
		29F806A82AD9FCDC006B45E0 /* Debug */ = {
			isa = XCBuildConfiguration;
			buildSettings = {
				ALWAYS_EMBED_SWIFT_STANDARD_LIBRARIES = YES;
				BUNDLE_LOADER = "$(TEST_HOST)";
				CODE_SIGN_STYLE = Automatic;
				CURRENT_PROJECT_VERSION = 1;
				DEVELOPMENT_TEAM = QTC9TXRFDC;
				GENERATE_INFOPLIST_FILE = YES;
				MACOSX_DEPLOYMENT_TARGET = 13.2;
				MARKETING_VERSION = 1.0;
				PRODUCT_BUNDLE_IDENTIFIER = co.llamastudios.iVerifyTakeHomeTests;
				PRODUCT_NAME = "$(TARGET_NAME)";
				SWIFT_EMIT_LOC_STRINGS = NO;
				SWIFT_VERSION = 5.0;
				TEST_HOST = "$(BUILT_PRODUCTS_DIR)/iVerifyTakeHome.app/$(BUNDLE_EXECUTABLE_FOLDER_PATH)/iVerifyTakeHome";
			};
			name = Debug;
		};
		29F806A92AD9FCDC006B45E0 /* Release */ = {
			isa = XCBuildConfiguration;
			buildSettings = {
				ALWAYS_EMBED_SWIFT_STANDARD_LIBRARIES = YES;
				BUNDLE_LOADER = "$(TEST_HOST)";
				CODE_SIGN_STYLE = Automatic;
				CURRENT_PROJECT_VERSION = 1;
				DEVELOPMENT_TEAM = QTC9TXRFDC;
				GENERATE_INFOPLIST_FILE = YES;
				MACOSX_DEPLOYMENT_TARGET = 13.2;
				MARKETING_VERSION = 1.0;
				PRODUCT_BUNDLE_IDENTIFIER = co.llamastudios.iVerifyTakeHomeTests;
				PRODUCT_NAME = "$(TARGET_NAME)";
				SWIFT_EMIT_LOC_STRINGS = NO;
				SWIFT_VERSION = 5.0;
				TEST_HOST = "$(BUILT_PRODUCTS_DIR)/iVerifyTakeHome.app/$(BUNDLE_EXECUTABLE_FOLDER_PATH)/iVerifyTakeHome";
			};
			name = Release;
		};
		29F806AB2AD9FCDC006B45E0 /* Debug */ = {
			isa = XCBuildConfiguration;
			buildSettings = {
				ALWAYS_EMBED_SWIFT_STANDARD_LIBRARIES = YES;
				CODE_SIGN_STYLE = Automatic;
				CURRENT_PROJECT_VERSION = 1;
				DEVELOPMENT_TEAM = QTC9TXRFDC;
				GENERATE_INFOPLIST_FILE = YES;
				MARKETING_VERSION = 1.0;
				PRODUCT_BUNDLE_IDENTIFIER = co.llamastudios.iVerifyTakeHomeUITests;
				PRODUCT_NAME = "$(TARGET_NAME)";
				SWIFT_EMIT_LOC_STRINGS = NO;
				SWIFT_VERSION = 5.0;
				TEST_TARGET_NAME = iVerifyTakeHome;
			};
			name = Debug;
		};
		29F806AC2AD9FCDC006B45E0 /* Release */ = {
			isa = XCBuildConfiguration;
			buildSettings = {
				ALWAYS_EMBED_SWIFT_STANDARD_LIBRARIES = YES;
				CODE_SIGN_STYLE = Automatic;
				CURRENT_PROJECT_VERSION = 1;
				DEVELOPMENT_TEAM = QTC9TXRFDC;
				GENERATE_INFOPLIST_FILE = YES;
				MARKETING_VERSION = 1.0;
				PRODUCT_BUNDLE_IDENTIFIER = co.llamastudios.iVerifyTakeHomeUITests;
				PRODUCT_NAME = "$(TARGET_NAME)";
				SWIFT_EMIT_LOC_STRINGS = NO;
				SWIFT_VERSION = 5.0;
				TEST_TARGET_NAME = iVerifyTakeHome;
			};
			name = Release;
		};
/* End XCBuildConfiguration section */

/* Begin XCConfigurationList section */
		29F8067A2AD9FCD9006B45E0 /* Build configuration list for PBXProject "iVerifyTakeHome" */ = {
			isa = XCConfigurationList;
			buildConfigurations = (
				29F806A22AD9FCDC006B45E0 /* Debug */,
				29F806A32AD9FCDC006B45E0 /* Release */,
			);
			defaultConfigurationIsVisible = 0;
			defaultConfigurationName = Release;
		};
		29F806A42AD9FCDC006B45E0 /* Build configuration list for PBXNativeTarget "iVerifyTakeHome" */ = {
			isa = XCConfigurationList;
			buildConfigurations = (
				29F806A52AD9FCDC006B45E0 /* Debug */,
				29F806A62AD9FCDC006B45E0 /* Release */,
			);
			defaultConfigurationIsVisible = 0;
			defaultConfigurationName = Release;
		};
		29F806A72AD9FCDC006B45E0 /* Build configuration list for PBXNativeTarget "iVerifyTakeHomeTests" */ = {
			isa = XCConfigurationList;
			buildConfigurations = (
				29F806A82AD9FCDC006B45E0 /* Debug */,
				29F806A92AD9FCDC006B45E0 /* Release */,
			);
			defaultConfigurationIsVisible = 0;
			defaultConfigurationName = Release;
		};
		29F806AA2AD9FCDC006B45E0 /* Build configuration list for PBXNativeTarget "iVerifyTakeHomeUITests" */ = {
			isa = XCConfigurationList;
			buildConfigurations = (
				29F806AB2AD9FCDC006B45E0 /* Debug */,
				29F806AC2AD9FCDC006B45E0 /* Release */,
			);
			defaultConfigurationIsVisible = 0;
			defaultConfigurationName = Release;
		};
/* End XCConfigurationList section */
	};
	rootObject = 29F806772AD9FCD9006B45E0 /* Project object */;
}
